
Microsoft Visual Studio Solution File, Format Version 12.00
# Visual Studio Version 16
VisualStudioVersion = 16.0.29613.14
MinimumVisualStudioVersion = 10.0.40219.1
Project("{9A19103F-16F7-4668-BE54-9A1E7A4F7556}") = "Exercise4", "Exercise4\Exercise4.csproj", "{10D014A7-86E9-404E-8780-614686D14145}"
EndProject
Project("{FAE04EC0-301F-11D3-BF4B-00C04F79EFBC}") = "AnimalTests", "AnimalTests\AnimalTests.csproj", "{8D8B019D-2BC4-4E88-B332-674B19A2EDFC}"
EndProject
Global
	GlobalSection(SolutionConfigurationPlatforms) = preSolution
		Debug|Any CPU = Debug|Any CPU
		Release|Any CPU = Release|Any CPU
	EndGlobalSection
	GlobalSection(ProjectConfigurationPlatforms) = postSolution
		{10D014A7-86E9-404E-8780-614686D14145}.Debug|Any CPU.ActiveCfg = Debug|Any CPU
		{10D014A7-86E9-404E-8780-614686D14145}.Debug|Any CPU.Build.0 = Debug|Any CPU
		{10D014A7-86E9-404E-8780-614686D14145}.Release|Any CPU.ActiveCfg = Release|Any CPU
		{10D014A7-86E9-404E-8780-614686D14145}.Release|Any CPU.Build.0 = Release|Any CPU
		{8D8B019D-2BC4-4E88-B332-674B19A2EDFC}.Debug|Any CPU.ActiveCfg = Debug|Any CPU
		{8D8B019D-2BC4-4E88-B332-674B19A2EDFC}.Debug|Any CPU.Build.0 = Debug|Any CPU
		{8D8B019D-2BC4-4E88-B332-674B19A2EDFC}.Release|Any CPU.ActiveCfg = Release|Any CPU
		{8D8B019D-2BC4-4E88-B332-674B19A2EDFC}.Release|Any CPU.Build.0 = Release|Any CPU
	EndGlobalSection
	GlobalSection(SolutionProperties) = preSolution
		HideSolutionNode = FALSE
	EndGlobalSection
	GlobalSection(ExtensibilityGlobals) = postSolution
		SolutionGuid = {5E041743-3838-44A3-802B-542E0C3B283C}
	EndGlobalSection
EndGlobal
