
Microsoft Visual Studio Solution File, Format Version 12.00
# Visual Studio Version 16
VisualStudioVersion = 16.0.29613.14
MinimumVisualStudioVersion = 10.0.40219.1
Project("{FAE04EC0-301F-11D3-BF4B-00C04F79EFBC}") = "ParamArrayTest", "ParamArrayTest\ParamArrayTest.csproj", "{2B2108BC-A562-44D0-B226-81BD0F2725B3}"
EndProject
Global
	GlobalSection(SolutionConfigurationPlatforms) = preSolution
		Debug|Any CPU = Debug|Any CPU
		Release|Any CPU = Release|Any CPU
	EndGlobalSection
	GlobalSection(ProjectConfigurationPlatforms) = postSolution
		{2B2108BC-A562-44D0-B226-81BD0F2725B3}.Debug|Any CPU.ActiveCfg = Debug|Any CPU
		{2B2108BC-A562-44D0-B226-81BD0F2725B3}.Debug|Any CPU.Build.0 = Debug|Any CPU
		{2B2108BC-A562-44D0-B226-81BD0F2725B3}.Release|Any CPU.ActiveCfg = Release|Any CPU
		{2B2108BC-A562-44D0-B226-81BD0F2725B3}.Release|Any CPU.Build.0 = Release|Any CPU
	EndGlobalSection
	GlobalSection(SolutionProperties) = preSolution
		HideSolutionNode = FALSE
	EndGlobalSection
	GlobalSection(ExtensibilityGlobals) = postSolution
		SolutionGuid = {8EC46C52-932F-4C63-B47E-91AF9FC2E8AF}
	EndGlobalSection
EndGlobal
